
Microsoft Visual Studio Solution File, Format Version 12.00
# Visual Studio Version 16
VisualStudioVersion = 16.0.31613.86
MinimumVisualStudioVersion = 10.0.40219.1
Project("{9A19103F-16F7-4668-BE54-9A1E7A4F7556}") = "controlEntryExitOfEmployees.Common", "controlEntryExitOfEmployees.Common\controlEntryExitOfEmployees.Common.csproj", "{B49167A3-8009-4F4B-9938-98259451368B}"
EndProject
Project("{9A19103F-16F7-4668-BE54-9A1E7A4F7556}") = "controlEntryExitOfEmployees.Functions", "controlEntryExitOfEmployees.Functions\controlEntryExitOfEmployees.Functions.csproj", "{39F36D56-CD97-4245-A5CF-0A60A966DB95}"
EndProject
Project("{9A19103F-16F7-4668-BE54-9A1E7A4F7556}") = "controlEntryExitOfEmployees.Test", "controlEntryExitOfEmployees.Test\controlEntryExitOfEmployees.Test.csproj", "{F901A7AF-A567-4E3A-BE93-F7529FE1C331}"
EndProject
Global
	GlobalSection(SolutionConfigurationPlatforms) = preSolution
		Debug|Any CPU = Debug|Any CPU
		Release|Any CPU = Release|Any CPU
	EndGlobalSection
	GlobalSection(ProjectConfigurationPlatforms) = postSolution
		{B49167A3-8009-4F4B-9938-98259451368B}.Debug|Any CPU.ActiveCfg = Debug|Any CPU
		{B49167A3-8009-4F4B-9938-98259451368B}.Debug|Any CPU.Build.0 = Debug|Any CPU
		{B49167A3-8009-4F4B-9938-98259451368B}.Release|Any CPU.ActiveCfg = Release|Any CPU
		{B49167A3-8009-4F4B-9938-98259451368B}.Release|Any CPU.Build.0 = Release|Any CPU
		{39F36D56-CD97-4245-A5CF-0A60A966DB95}.Debug|Any CPU.ActiveCfg = Debug|Any CPU
		{39F36D56-CD97-4245-A5CF-0A60A966DB95}.Debug|Any CPU.Build.0 = Debug|Any CPU
		{39F36D56-CD97-4245-A5CF-0A60A966DB95}.Release|Any CPU.ActiveCfg = Release|Any CPU
		{39F36D56-CD97-4245-A5CF-0A60A966DB95}.Release|Any CPU.Build.0 = Release|Any CPU
		{F901A7AF-A567-4E3A-BE93-F7529FE1C331}.Debug|Any CPU.ActiveCfg = Debug|Any CPU
		{F901A7AF-A567-4E3A-BE93-F7529FE1C331}.Debug|Any CPU.Build.0 = Debug|Any CPU
		{F901A7AF-A567-4E3A-BE93-F7529FE1C331}.Release|Any CPU.ActiveCfg = Release|Any CPU
		{F901A7AF-A567-4E3A-BE93-F7529FE1C331}.Release|Any CPU.Build.0 = Release|Any CPU
	EndGlobalSection
	GlobalSection(SolutionProperties) = preSolution
		HideSolutionNode = FALSE
	EndGlobalSection
	GlobalSection(ExtensibilityGlobals) = postSolution
		SolutionGuid = {92B8AF8C-A805-4DD3-8D45-E4C2E5B89879}
	EndGlobalSection
EndGlobal
